
Microsoft Visual Studio Solution File, Format Version 12.00
# Visual Studio Version 17
VisualStudioVersion = 17.0.31919.166
MinimumVisualStudioVersion = 10.0.40219.1
Project("{FAE04EC0-301F-11D3-BF4B-00C04F79EFBC}") = "AdventOfCode", "AdventOfCode\AdventOfCode.csproj", "{DEFFB2CB-ED18-41A3-9C43-F2D9FD71A03D}"
EndProject
Global
	GlobalSection(SolutionConfigurationPlatforms) = preSolution
		Debug|Any CPU = Debug|Any CPU
		Release|Any CPU = Release|Any CPU
	EndGlobalSection
	GlobalSection(ProjectConfigurationPlatforms) = postSolution
		{DEFFB2CB-ED18-41A3-9C43-F2D9FD71A03D}.Debug|Any CPU.ActiveCfg = Debug|Any CPU
		{DEFFB2CB-ED18-41A3-9C43-F2D9FD71A03D}.Debug|Any CPU.Build.0 = Debug|Any CPU
		{DEFFB2CB-ED18-41A3-9C43-F2D9FD71A03D}.Release|Any CPU.ActiveCfg = Release|Any CPU
		{DEFFB2CB-ED18-41A3-9C43-F2D9FD71A03D}.Release|Any CPU.Build.0 = Release|Any CPU
	EndGlobalSection
	GlobalSection(SolutionProperties) = preSolution
		HideSolutionNode = FALSE
	EndGlobalSection
	GlobalSection(ExtensibilityGlobals) = postSolution
		SolutionGuid = {57318050-EE95-47D8-9E51-528122D36905}
	EndGlobalSection
EndGlobal
